
Microsoft Visual Studio Solution File, Format Version 12.00
# Visual Studio Version 17
VisualStudioVersion = 17.3.32804.467
MinimumVisualStudioVersion = 10.0.40219.1
Project("{FAE04EC0-301F-11D3-BF4B-00C04F79EFBC}") = "vector_EstructuraDatos_SegDos", "vector_EstructuraDatos_SegDos.csproj", "{97B4CFFC-BC2D-4F1B-A929-A7995809DACC}"
EndProject
Global
	GlobalSection(SolutionConfigurationPlatforms) = preSolution
		Debug|Any CPU = Debug|Any CPU
		Release|Any CPU = Release|Any CPU
	EndGlobalSection
	GlobalSection(ProjectConfigurationPlatforms) = postSolution
		{97B4CFFC-BC2D-4F1B-A929-A7995809DACC}.Debug|Any CPU.ActiveCfg = Debug|Any CPU
		{97B4CFFC-BC2D-4F1B-A929-A7995809DACC}.Debug|Any CPU.Build.0 = Debug|Any CPU
		{97B4CFFC-BC2D-4F1B-A929-A7995809DACC}.Release|Any CPU.ActiveCfg = Release|Any CPU
		{97B4CFFC-BC2D-4F1B-A929-A7995809DACC}.Release|Any CPU.Build.0 = Release|Any CPU
	EndGlobalSection
	GlobalSection(SolutionProperties) = preSolution
		HideSolutionNode = FALSE
	EndGlobalSection
	GlobalSection(ExtensibilityGlobals) = postSolution
		SolutionGuid = {7D762E3E-7DBF-4785-BF7D-DD4A137B98FE}
	EndGlobalSection
EndGlobal
